
Microsoft Visual Studio Solution File, Format Version 12.00
# Visual Studio 15
VisualStudioVersion = 15.0.27130.2010
MinimumVisualStudioVersion = 10.0.40219.1
Project("{FAE04EC0-301F-11D3-BF4B-00C04F79EFBC}") = "Mvc01", "Mvc01\Mvc01.csproj", "{8BE6156B-F2DD-436D-8D0D-C5708DD51FFE}"
EndProject
Global
	GlobalSection(SolutionConfigurationPlatforms) = preSolution
		Debug|Any CPU = Debug|Any CPU
		Release|Any CPU = Release|Any CPU
	EndGlobalSection
	GlobalSection(ProjectConfigurationPlatforms) = postSolution
		{8BE6156B-F2DD-436D-8D0D-C5708DD51FFE}.Debug|Any CPU.ActiveCfg = Debug|Any CPU
		{8BE6156B-F2DD-436D-8D0D-C5708DD51FFE}.Debug|Any CPU.Build.0 = Debug|Any CPU
		{8BE6156B-F2DD-436D-8D0D-C5708DD51FFE}.Release|Any CPU.ActiveCfg = Release|Any CPU
		{8BE6156B-F2DD-436D-8D0D-C5708DD51FFE}.Release|Any CPU.Build.0 = Release|Any CPU
	EndGlobalSection
	GlobalSection(SolutionProperties) = preSolution
		HideSolutionNode = FALSE
	EndGlobalSection
	GlobalSection(ExtensibilityGlobals) = postSolution
		SolutionGuid = {7CF07F51-6269-4035-8217-A560102DD07B}
	EndGlobalSection
EndGlobal
